
Microsoft Visual Studio Solution File, Format Version 12.00
# Visual Studio Version 17
VisualStudioVersion = 17.0.31903.59
MinimumVisualStudioVersion = 10.0.40219.1
Project("{9A19103F-16F7-4668-BE54-9A1E7A4F7556}") = "WebUI", "WebUI\WebUI.csproj", "{F128EAC4-C48E-46A6-8673-4E78DA6342EB}"
EndProject
Project("{9A19103F-16F7-4668-BE54-9A1E7A4F7556}") = "Tests", "Tests\Tests.csproj", "{AB43CBFA-1998-4C94-8438-75806D3BB107}"
EndProject
Global
	GlobalSection(SolutionConfigurationPlatforms) = preSolution
		Debug|Any CPU = Debug|Any CPU
		Release|Any CPU = Release|Any CPU
	EndGlobalSection
	GlobalSection(ProjectConfigurationPlatforms) = postSolution
		{F128EAC4-C48E-46A6-8673-4E78DA6342EB}.Debug|Any CPU.ActiveCfg = Debug|Any CPU
		{F128EAC4-C48E-46A6-8673-4E78DA6342EB}.Debug|Any CPU.Build.0 = Debug|Any CPU
		{F128EAC4-C48E-46A6-8673-4E78DA6342EB}.Release|Any CPU.ActiveCfg = Release|Any CPU
		{F128EAC4-C48E-46A6-8673-4E78DA6342EB}.Release|Any CPU.Build.0 = Release|Any CPU
		{AB43CBFA-1998-4C94-8438-75806D3BB107}.Debug|Any CPU.ActiveCfg = Debug|Any CPU
		{AB43CBFA-1998-4C94-8438-75806D3BB107}.Debug|Any CPU.Build.0 = Debug|Any CPU
		{AB43CBFA-1998-4C94-8438-75806D3BB107}.Release|Any CPU.ActiveCfg = Release|Any CPU
		{AB43CBFA-1998-4C94-8438-75806D3BB107}.Release|Any CPU.Build.0 = Release|Any CPU
	EndGlobalSection
	GlobalSection(SolutionProperties) = preSolution
		HideSolutionNode = FALSE
	EndGlobalSection
	GlobalSection(ExtensibilityGlobals) = postSolution
		SolutionGuid = {BA856A02-24D2-4755-968C-FF8A417ED22A}
	EndGlobalSection
EndGlobal
